
Microsoft Visual Studio Solution File, Format Version 12.00
# Visual Studio Version 17
VisualStudioVersion = 17.7.34003.232
MinimumVisualStudioVersion = 10.0.40219.1
Project("{FAE04EC0-301F-11D3-BF4B-00C04F79EFBC}") = "helloworld", "helloworld\helloworld.csproj", "{32AECBEF-6B3C-4537-B0A6-30E2B0143486}"
EndProject
Global
	GlobalSection(SolutionConfigurationPlatforms) = preSolution
		Debug|Any CPU = Debug|Any CPU
		Release|Any CPU = Release|Any CPU
	EndGlobalSection
	GlobalSection(ProjectConfigurationPlatforms) = postSolution
		{32AECBEF-6B3C-4537-B0A6-30E2B0143486}.Debug|Any CPU.ActiveCfg = Debug|Any CPU
		{32AECBEF-6B3C-4537-B0A6-30E2B0143486}.Debug|Any CPU.Build.0 = Debug|Any CPU
		{32AECBEF-6B3C-4537-B0A6-30E2B0143486}.Release|Any CPU.ActiveCfg = Release|Any CPU
		{32AECBEF-6B3C-4537-B0A6-30E2B0143486}.Release|Any CPU.Build.0 = Release|Any CPU
	EndGlobalSection
	GlobalSection(SolutionProperties) = preSolution
		HideSolutionNode = FALSE
	EndGlobalSection
	GlobalSection(ExtensibilityGlobals) = postSolution
		SolutionGuid = {06F0A27C-D2B6-4E54-AB25-5E3646CD0130}
	EndGlobalSection
EndGlobal
